[[package]]
name = "jaconv"
version = "0.3"
description = "Pure-Python Japanese character interconverter for Hiragana, Katakana, Hankaku, Zenkaku and more"
category = "main"
optional = false
python-versions = "*"

[[package]]
name = "mojimoji"
version = "0.0.11"
description = "A fast converter between Japanese hankaku and zenkaku characters"
category = "main"
optional = false
python-versions = "*"

[metadata]
lock-version = "1.1"
python-versions = "^3.9"
content-hash = "e990e422e6d6d6134f4231669339f964bb49626f19635895d9fd676dd3a45d8d"

[metadata.files]
jaconv = [
    {file = "jaconv-0.3.tar.gz", hash = "sha256:cc70c796c19a6765598c03eac59d1399a555a9a8839cc70e540ec26f0ec3e66e"},
]
mojimoji = [
    {file = "mojimoji-0.0.11-cp35-cp35m-macosx_10_14_x86_64.whl", hash = "sha256:b86ee36240e77a414f796630cf3c80acef4e9528277769d1851d00b94af1cc98"},
    {file = "mojimoji-0.0.11-cp35-cp35m-manylinux1_x86_64.whl", hash = "sha256:3d3756f60754ee95847f419f48246a68271d9024c5296d298054229403804002"},
    {file = "mojimoji-0.0.11-cp35-cp35m-win_amd64.whl", hash = "sha256:e257176fe55332ac5dc69735270840b36738a82f1dda3383758a6f36b5918fb6"},
    {file = "mojimoji-0.0.11-cp36-cp36m-macosx_10_14_x86_64.whl", hash = "sha256:ece991b6529dddb91ae5035dcf3b62b486af675d4ec94fc3ecf7872b66f3df88"},
    {file = "mojimoji-0.0.11-cp36-cp36m-manylinux1_x86_64.whl", hash = "sha256:b7a1fe5726ad7036b096d44e7d014ceac174aec718199e19c6c6d1c2a757f6b9"},
    {file = "mojimoji-0.0.11-cp36-cp36m-win_amd64.whl", hash = "sha256:ae2fcb9fa35f5890ba888780c9d445074717ef988c3171a058f002cd0f3933f4"},
    {file = "mojimoji-0.0.11-cp37-cp37m-macosx_10_14_x86_64.whl", hash = "sha256:e551bb3be777643e2e1f7bc40db4d57baedaa6dac6c7875d9a926ffe66b67fb1"},
    {file = "mojimoji-0.0.11-cp37-cp37m-manylinux1_x86_64.whl", hash = "sha256:642c5e8642fa53c9556cd4c880e09438786dd955c32c7ce5fa2693e16914cdb6"},
    {file = "mojimoji-0.0.11-cp37-cp37m-win_amd64.whl", hash = "sha256:029c5d2646c8ab36bef61abe26ed6bc698f7ffb6a744d82fafd86e233d6669a2"},
    {file = "mojimoji-0.0.11-cp38-cp38-macosx_10_14_x86_64.whl", hash = "sha256:2fb18323ffae39391d77c77b27ed675cbf6e49e10f884ceaf8399be7ca7e0dc5"},
    {file = "mojimoji-0.0.11-cp38-cp38-manylinux1_x86_64.whl", hash = "sha256:ea9c3d0c37ae7a8e494cb9681dae404de4599d4218e5b5d13c009ab1856d6409"},
    {file = "mojimoji-0.0.11-cp38-cp38-win_amd64.whl", hash = "sha256:304681e2d99db69c552e1e36992cb41b967b46abd1720c1826f9dec678491d56"},
    {file = "mojimoji-0.0.11.tar.gz", hash = "sha256:adef094e1bfd961e40c1fbd2d4664da1be2426d5b31884e27394226af15d50b5"},
]
